// !$*UTF8*$!
{
	archiveVersion = 1;
	classes = {
	};
	objectVersion = 46;
	objects = {

/* Begin PBXBuildFile section */
		ED047ED11FA5DFC800CDFFEE /* ENBlockClass.swift in Sources */ = {isa = PBXBuildFile; fileRef = ED047ED01FA5DFC800CDFFEE /* ENBlockClass.swift */; };
		ED1C90B21FB111FD00686024 /* ScenaProva Menu.sks in Resources */ = {isa = PBXBuildFile; fileRef = ED1C90B11FB111FD00686024 /* ScenaProva Menu.sks */; };
		ED1C90BB1FB12E4900686024 /* ENGameMenuScene.sks in Resources */ = {isa = PBXBuildFile; fileRef = ED1C90BA1FB12E4900686024 /* ENGameMenuScene.sks */; };
		ED1C90BD1FB12FC600686024 /* ENGameMenuClass.swift in Sources */ = {isa = PBXBuildFile; fileRef = ED1C90BC1FB12FC600686024 /* ENGameMenuClass.swift */; };
		ED1C90BF1FB23A6200686024 /* ENScrollView.swift in Sources */ = {isa = PBXBuildFile; fileRef = ED1C90BE1FB23A6200686024 /* ENScrollView.swift */; };
		EDAFA2D31FA4F5970020D51D /* ENTowerClass.swift in Sources */ = {isa = PBXBuildFile; fileRef = EDAFA2D21FA4F5970020D51D /* ENTowerClass.swift */; };
		EDB113AD1FA2433C0065AE84 /* AppDelegate.swift in Sources */ = {isa = PBXBuildFile; fileRef = EDB113AC1FA2433C0065AE84 /* AppDelegate.swift */; };
		EDB113B81FA2433C0065AE84 /* Main.storyboard in Resources */ = {isa = PBXBuildFile; fileRef = EDB113B61FA2433C0065AE84 /* Main.storyboard */; };
		EDB113BA1FA2433C0065AE84 /* Assets.xcassets in Resources */ = {isa = PBXBuildFile; fileRef = EDB113B91FA2433C0065AE84 /* Assets.xcassets */; };
		EDB113DD1FA2439F0065AE84 /* Documentazione.rtf in Resources */ = {isa = PBXBuildFile; fileRef = EDB113C41FA2439F0065AE84 /* Documentazione.rtf */; };
		EDB113DE1FA2439F0065AE84 /* ENButtonNode.swift in Sources */ = {isa = PBXBuildFile; fileRef = EDB113C51FA2439F0065AE84 /* ENButtonNode.swift */; };
		EDB113E01FA2439F0065AE84 /* ENGameClass.swift in Sources */ = {isa = PBXBuildFile; fileRef = EDB113C71FA2439F0065AE84 /* ENGameClass.swift */; };
		EDB113E31FA2439F0065AE84 /* ENHUDClass.swift in Sources */ = {isa = PBXBuildFile; fileRef = EDB113CA1FA2439F0065AE84 /* ENHUDClass.swift */; };
		EDB113E41FA2439F0065AE84 /* ENMainMenuScene.sks in Resources */ = {isa = PBXBuildFile; fileRef = EDB113CB1FA2439F0065AE84 /* ENMainMenuScene.sks */; };
		EDB113E51FA2439F0065AE84 /* ENMainMenuScene.swift in Sources */ = {isa = PBXBuildFile; fileRef = EDB113CC1FA2439F0065AE84 /* ENMainMenuScene.swift */; };
		EDB113E61FA2439F0065AE84 /* ENMenuGame.swift in Sources */ = {isa = PBXBuildFile; fileRef = EDB113CD1FA2439F0065AE84 /* ENMenuGame.swift */; };
		EDB113E71FA2439F0065AE84 /* ENMenuStanza.swift in Sources */ = {isa = PBXBuildFile; fileRef = EDB113CE1FA2439F0065AE84 /* ENMenuStanza.swift */; };
		EDB113E81FA2439F0065AE84 /* ENOperatoreModel.swift in Sources */ = {isa = PBXBuildFile; fileRef = EDB113CF1FA2439F0065AE84 /* ENOperatoreModel.swift */; };
		EDB113E91FA2439F0065AE84 /* ENOptionsScene.sks in Resources */ = {isa = PBXBuildFile; fileRef = EDB113D01FA2439F0065AE84 /* ENOptionsScene.sks */; };
		EDB113EA1FA2439F0065AE84 /* ENOptionsScene.swift in Sources */ = {isa = PBXBuildFile; fileRef = EDB113D11FA2439F0065AE84 /* ENOptionsScene.swift */; };
		EDB113EC1FA2439F0065AE84 /* ENPulsante.swift in Sources */ = {isa = PBXBuildFile; fileRef = EDB113D31FA2439F0065AE84 /* ENPulsante.swift */; };
		EDB113ED1FA2439F0065AE84 /* ENScoreScene.sks in Resources */ = {isa = PBXBuildFile; fileRef = EDB113D41FA2439F0065AE84 /* ENScoreScene.sks */; };
		EDB113EE1FA2439F0065AE84 /* ENScoreScene.swift in Sources */ = {isa = PBXBuildFile; fileRef = EDB113D51FA2439F0065AE84 /* ENScoreScene.swift */; };
		EDB113F11FA2439F0065AE84 /* GameHandler.swift in Sources */ = {isa = PBXBuildFile; fileRef = EDB113D81FA2439F0065AE84 /* GameHandler.swift */; };
		EDB113F31FA2439F0065AE84 /* GameViewController.swift in Sources */ = {isa = PBXBuildFile; fileRef = EDB113DA1FA2439F0065AE84 /* GameViewController.swift */; };
		EDB113F41FA2439F0065AE84 /* MenuPropertyList.plist in Resources */ = {isa = PBXBuildFile; fileRef = EDB113DB1FA2439F0065AE84 /* MenuPropertyList.plist */; };
		EDB113F51FA2439F0065AE84 /* Utils.swift in Sources */ = {isa = PBXBuildFile; fileRef = EDB113DC1FA2439F0065AE84 /* Utils.swift */; };
		EDB113F71FA243C40065AE84 /* RisorseTorre.xcassets in Resources */ = {isa = PBXBuildFile; fileRef = EDB113F61FA243C40065AE84 /* RisorseTorre.xcassets */; };
		EDB113F91FA2440B0065AE84 /* LaunchScreen.storyboard in Resources */ = {isa = PBXBuildFile; fileRef = EDB113F81FA2440B0065AE84 /* LaunchScreen.storyboard */; };
		EDCB6DFC1FA24511001E5DCB /* ENGameScene.sks in Resources */ = {isa = PBXBuildFile; fileRef = EDCB6DFB1FA24511001E5DCB /* ENGameScene.sks */; };
		EDF9DC681FAEA8C7009B15A4 /* ENNewFloorMenuClass.swift in Sources */ = {isa = PBXBuildFile; fileRef = EDF9DC671FAEA8C7009B15A4 /* ENNewFloorMenuClass.swift */; };
/* End PBXBuildFile section */

/* Begin PBXFileReference section */
		ED047ED01FA5DFC800CDFFEE /* ENBlockClass.swift */ = {isa = PBXFileReference; fileEncoding = 4; lastKnownFileType = sourcecode.swift; path = ENBlockClass.swift; sourceTree = "<group>"; };
		ED1C90B11FB111FD00686024 /* ScenaProva Menu.sks */ = {isa = PBXFileReference; lastKnownFileType = file.sks; path = "ScenaProva Menu.sks"; sourceTree = "<group>"; };
		ED1C90BA1FB12E4900686024 /* ENGameMenuScene.sks */ = {isa = PBXFileReference; lastKnownFileType = file.sks; path = ENGameMenuScene.sks; sourceTree = "<group>"; };
		ED1C90BC1FB12FC600686024 /* ENGameMenuClass.swift */ = {isa = PBXFileReference; fileEncoding = 4; lastKnownFileType = sourcecode.swift; path = ENGameMenuClass.swift; sourceTree = "<group>"; };
		ED1C90BE1FB23A6200686024 /* ENScrollView.swift */ = {isa = PBXFileReference; fileEncoding = 4; lastKnownFileType = sourcecode.swift; path = ENScrollView.swift; sourceTree = "<group>"; };
		EDAFA2D21FA4F5970020D51D /* ENTowerClass.swift */ = {isa = PBXFileReference; fileEncoding = 4; lastKnownFileType = sourcecode.swift; path = ENTowerClass.swift; sourceTree = "<group>"; };
		EDB113A91FA2433C0065AE84 /* Gamenado.app */ = {isa = PBXFileReference; explicitFileType = wrapper.application; includeInIndex = 0; path = Gamenado.app; sourceTree = BUILT_PRODUCTS_DIR; };
		EDB113AC1FA2433C0065AE84 /* AppDelegate.swift */ = {isa = PBXFileReference; lastKnownFileType = sourcecode.swift; path = AppDelegate.swift; sourceTree = "<group>"; };
		EDB113B71FA2433C0065AE84 /* Base */ = {isa = PBXFileReference; lastKnownFileType = file.storyboard; name = Base; path = Base.lproj/Main.storyboard; sourceTree = "<group>"; };
		EDB113B91FA2433C0065AE84 /* Assets.xcassets */ = {isa = PBXFileReference; lastKnownFileType = folder.assetcatalog; path = Assets.xcassets; sourceTree = "<group>"; };
		EDB113BE1FA2433C0065AE84 /* Info.plist */ = {isa = PBXFileReference; lastKnownFileType = text.plist.xml; path = Info.plist; sourceTree = "<group>"; };
		EDB113C41FA2439F0065AE84 /* Documentazione.rtf */ = {isa = PBXFileReference; fileEncoding = 4; lastKnownFileType = text.rtf; path = Documentazione.rtf; sourceTree = "<group>"; };
		EDB113C51FA2439F0065AE84 /* ENButtonNode.swift */ = {isa = PBXFileReference; fileEncoding = 4; lastKnownFileType = sourcecode.swift; path = ENButtonNode.swift; sourceTree = "<group>"; };
		EDB113C71FA2439F0065AE84 /* ENGameClass.swift */ = {isa = PBXFileReference; fileEncoding = 4; lastKnownFileType = sourcecode.swift; path = ENGameClass.swift; sourceTree = "<group>"; };
		EDB113CA1FA2439F0065AE84 /* ENHUDClass.swift */ = {isa = PBXFileReference; fileEncoding = 4; lastKnownFileType = sourcecode.swift; path = ENHUDClass.swift; sourceTree = "<group>"; };
		EDB113CB1FA2439F0065AE84 /* ENMainMenuScene.sks */ = {isa = PBXFileReference; lastKnownFileType = file.sks; path = ENMainMenuScene.sks; sourceTree = "<group>"; };
		EDB113CC1FA2439F0065AE84 /* ENMainMenuScene.swift */ = {isa = PBXFileReference; fileEncoding = 4; lastKnownFileType = sourcecode.swift; path = ENMainMenuScene.swift; sourceTree = "<group>"; };
		EDB113CD1FA2439F0065AE84 /* ENMenuGame.swift */ = {isa = PBXFileReference; fileEncoding = 4; lastKnownFileType = sourcecode.swift; path = ENMenuGame.swift; sourceTree = "<group>"; };
		EDB113CE1FA2439F0065AE84 /* ENMenuStanza.swift */ = {isa = PBXFileReference; fileEncoding = 4; lastKnownFileType = sourcecode.swift; path = ENMenuStanza.swift; sourceTree = "<group>"; };
		EDB113CF1FA2439F0065AE84 /* ENOperatoreModel.swift */ = {isa = PBXFileReference; fileEncoding = 4; lastKnownFileType = sourcecode.swift; path = ENOperatoreModel.swift; sourceTree = "<group>"; };
		EDB113D01FA2439F0065AE84 /* ENOptionsScene.sks */ = {isa = PBXFileReference; lastKnownFileType = file.sks; path = ENOptionsScene.sks; sourceTree = "<group>"; };
		EDB113D11FA2439F0065AE84 /* ENOptionsScene.swift */ = {isa = PBXFileReference; fileEncoding = 4; lastKnownFileType = sourcecode.swift; path = ENOptionsScene.swift; sourceTree = "<group>"; };
		EDB113D31FA2439F0065AE84 /* ENPulsante.swift */ = {isa = PBXFileReference; fileEncoding = 4; lastKnownFileType = sourcecode.swift; path = ENPulsante.swift; sourceTree = "<group>"; };
		EDB113D41FA2439F0065AE84 /* ENScoreScene.sks */ = {isa = PBXFileReference; lastKnownFileType = file.sks; path = ENScoreScene.sks; sourceTree = "<group>"; };
		EDB113D51FA2439F0065AE84 /* ENScoreScene.swift */ = {isa = PBXFileReference; fileEncoding = 4; lastKnownFileType = sourcecode.swift; path = ENScoreScene.swift; sourceTree = "<group>"; };
		EDB113D81FA2439F0065AE84 /* GameHandler.swift */ = {isa = PBXFileReference; fileEncoding = 4; lastKnownFileType = sourcecode.swift; path = GameHandler.swift; sourceTree = "<group>"; };
		EDB113DA1FA2439F0065AE84 /* GameViewController.swift */ = {isa = PBXFileReference; fileEncoding = 4; lastKnownFileType = sourcecode.swift; path = GameViewController.swift; sourceTree = "<group>"; };
		EDB113DB1FA2439F0065AE84 /* MenuPropertyList.plist */ = {isa = PBXFileReference; fileEncoding = 4; lastKnownFileType = text.plist.xml; path = MenuPropertyList.plist; sourceTree = "<group>"; };
		EDB113DC1FA2439F0065AE84 /* Utils.swift */ = {isa = PBXFileReference; fileEncoding = 4; lastKnownFileType = sourcecode.swift; path = Utils.swift; sourceTree = "<group>"; };
		EDB113F61FA243C40065AE84 /* RisorseTorre.xcassets */ = {isa = PBXFileReference; lastKnownFileType = folder.assetcatalog; path = RisorseTorre.xcassets; sourceTree = "<group>"; };
		EDB113F81FA2440B0065AE84 /* LaunchScreen.storyboard */ = {isa = PBXFileReference; fileEncoding = 4; lastKnownFileType = file.storyboard; path = LaunchScreen.storyboard; sourceTree = "<group>"; };
		EDCB6DFB1FA24511001E5DCB /* ENGameScene.sks */ = {isa = PBXFileReference; lastKnownFileType = file.sks; path = ENGameScene.sks; sourceTree = "<group>"; };
		EDF9DC671FAEA8C7009B15A4 /* ENNewFloorMenuClass.swift */ = {isa = PBXFileReference; fileEncoding = 4; lastKnownFileType = sourcecode.swift; path = ENNewFloorMenuClass.swift; sourceTree = "<group>"; };
/* End PBXFileReference section */

/* Begin PBXFrameworksBuildPhase section */
		EDB113A61FA2433C0065AE84 /* Frameworks */ = {
			isa = PBXFrameworksBuildPhase;
			buildActionMask = 2147483647;
			files = (
			);
			runOnlyForDeploymentPostprocessing = 0;
		};
/* End PBXFrameworksBuildPhase section */

/* Begin PBXGroup section */
		ED047ECF1FA5DFA000CDFFEE /* Oggetti Class */ = {
			isa = PBXGroup;
			children = (
				EDB113D81FA2439F0065AE84 /* GameHandler.swift */,
				ED047ED01FA5DFC800CDFFEE /* ENBlockClass.swift */,
				EDB113C51FA2439F0065AE84 /* ENButtonNode.swift */,
				EDB113CF1FA2439F0065AE84 /* ENOperatoreModel.swift */,
				ED1C90BE1FB23A6200686024 /* ENScrollView.swift */,
			);
			name = "Oggetti Class";
			sourceTree = "<group>";
		};
		ED3C8F221FAE2C6E00BF8F0E /* Menu */ = {
			isa = PBXGroup;
			children = (
				EDF9DC671FAEA8C7009B15A4 /* ENNewFloorMenuClass.swift */,
				ED1C90BC1FB12FC600686024 /* ENGameMenuClass.swift */,
			);
			name = Menu;
			sourceTree = "<group>";
		};
		EDAFA2D01FA4D9600020D51D /* Scene Class */ = {
			isa = PBXGroup;
			children = (
				EDB113CC1FA2439F0065AE84 /* ENMainMenuScene.swift */,
				EDB113D11FA2439F0065AE84 /* ENOptionsScene.swift */,
				EDB113D51FA2439F0065AE84 /* ENScoreScene.swift */,
				EDB113CA1FA2439F0065AE84 /* ENHUDClass.swift */,
				EDB113C71FA2439F0065AE84 /* ENGameClass.swift */,
				EDAFA2D21FA4F5970020D51D /* ENTowerClass.swift */,
			);
			name = "Scene Class";
			sourceTree = "<group>";
		};
		EDAFA2D11FA4D9DE0020D51D /* Documentazione */ = {
			isa = PBXGroup;
			children = (
				EDB113C41FA2439F0065AE84 /* Documentazione.rtf */,
			);
			name = Documentazione;
			sourceTree = "<group>";
		};
		EDB113A01FA2433C0065AE84 = {
			isa = PBXGroup;
			children = (
				EDB113AB1FA2433C0065AE84 /* Gamenado */,
				EDB113AA1FA2433C0065AE84 /* Products */,
			);
			sourceTree = "<group>";
		};
		EDB113AA1FA2433C0065AE84 /* Products */ = {
			isa = PBXGroup;
			children = (
				EDB113A91FA2433C0065AE84 /* Gamenado.app */,
			);
			name = Products;
			sourceTree = "<group>";
		};
		EDB113AB1FA2433C0065AE84 /* Gamenado */ = {
			isa = PBXGroup;
			children = (
				EDB113B91FA2433C0065AE84 /* Assets.xcassets */,
				EDB113F61FA243C40065AE84 /* RisorseTorre.xcassets */,
				EDB113FA1FA244640065AE84 /* Scene Object */,
				EDAFA2D01FA4D9600020D51D /* Scene Class */,
				ED3C8F221FAE2C6E00BF8F0E /* Menu */,
				ED047ECF1FA5DFA000CDFFEE /* Oggetti Class */,
				EDAFA2D11FA4D9DE0020D51D /* Documentazione */,
				EDCB6DFD1FA250EF001E5DCB /* Main */,
				EDB113CD1FA2439F0065AE84 /* ENMenuGame.swift */,
				EDB113CE1FA2439F0065AE84 /* ENMenuStanza.swift */,
				EDB113D31FA2439F0065AE84 /* ENPulsante.swift */,
				EDB113DB1FA2439F0065AE84 /* MenuPropertyList.plist */,
			);
			path = Gamenado;
			sourceTree = "<group>";
		};
		EDB113FA1FA244640065AE84 /* Scene Object */ = {
			isa = PBXGroup;
			children = (
				EDB113CB1FA2439F0065AE84 /* ENMainMenuScene.sks */,
				EDCB6DFB1FA24511001E5DCB /* ENGameScene.sks */,
				EDB113D41FA2439F0065AE84 /* ENScoreScene.sks */,
				EDB113D01FA2439F0065AE84 /* ENOptionsScene.sks */,
				ED1C90B11FB111FD00686024 /* ScenaProva Menu.sks */,
				ED1C90BA1FB12E4900686024 /* ENGameMenuScene.sks */,
			);
			name = "Scene Object";
			sourceTree = "<group>";
		};
		EDCB6DFD1FA250EF001E5DCB /* Main */ = {
			isa = PBXGroup;
			children = (
				EDB113DC1FA2439F0065AE84 /* Utils.swift */,
				EDB113AC1FA2433C0065AE84 /* AppDelegate.swift */,
				EDB113DA1FA2439F0065AE84 /* GameViewController.swift */,
				EDB113B61FA2433C0065AE84 /* Main.storyboard */,
				EDB113F81FA2440B0065AE84 /* LaunchScreen.storyboard */,
				EDB113BE1FA2433C0065AE84 /* Info.plist */,
			);
			name = Main;
			sourceTree = "<group>";
		};
/* End PBXGroup section */

/* Begin PBXNativeTarget section */
		EDB113A81FA2433C0065AE84 /* Gamenado */ = {
			isa = PBXNativeTarget;
			buildConfigurationList = EDB113C11FA2433C0065AE84 /* Build configuration list for PBXNativeTarget "Gamenado" */;
			buildPhases = (
				EDB113A51FA2433C0065AE84 /* Sources */,
				EDB113A61FA2433C0065AE84 /* Frameworks */,
				EDB113A71FA2433C0065AE84 /* Resources */,
			);
			buildRules = (
			);
			dependencies = (
			);
			name = Gamenado;
			productName = Gamenado;
			productReference = EDB113A91FA2433C0065AE84 /* Gamenado.app */;
			productType = "com.apple.product-type.application";
		};
/* End PBXNativeTarget section */

/* Begin PBXProject section */
		EDB113A11FA2433C0065AE84 /* Project object */ = {
			isa = PBXProject;
			attributes = {
				LastSwiftUpdateCheck = 0830;
				LastUpgradeCheck = 0830;
				ORGANIZATIONNAME = "Giovanni Tirico";
				TargetAttributes = {
					EDB113A81FA2433C0065AE84 = {
						CreatedOnToolsVersion = 8.3.3;
						DevelopmentTeam = 6QT8QKS396;
						ProvisioningStyle = Automatic;
					};
				};
			};
			buildConfigurationList = EDB113A41FA2433C0065AE84 /* Build configuration list for PBXProject "Gamenado" */;
			compatibilityVersion = "Xcode 3.2";
			developmentRegion = English;
			hasScannedForEncodings = 0;
			knownRegions = (
				en,
				Base,
			);
			mainGroup = EDB113A01FA2433C0065AE84;
			productRefGroup = EDB113AA1FA2433C0065AE84 /* Products */;
			projectDirPath = "";
			projectRoot = "";
			targets = (
				EDB113A81FA2433C0065AE84 /* Gamenado */,
			);
		};
/* End PBXProject section */

/* Begin PBXResourcesBuildPhase section */
		EDB113A71FA2433C0065AE84 /* Resources */ = {
			isa = PBXResourcesBuildPhase;
			buildActionMask = 2147483647;
			files = (
				EDB113B81FA2433C0065AE84 /* Main.storyboard in Resources */,
				EDB113E41FA2439F0065AE84 /* ENMainMenuScene.sks in Resources */,
				ED1C90BB1FB12E4900686024 /* ENGameMenuScene.sks in Resources */,
				EDB113ED1FA2439F0065AE84 /* ENScoreScene.sks in Resources */,
				EDB113DD1FA2439F0065AE84 /* Documentazione.rtf in Resources */,
				ED1C90B21FB111FD00686024 /* ScenaProva Menu.sks in Resources */,
				EDCB6DFC1FA24511001E5DCB /* ENGameScene.sks in Resources */,
				EDB113F41FA2439F0065AE84 /* MenuPropertyList.plist in Resources */,
				EDB113F71FA243C40065AE84 /* RisorseTorre.xcassets in Resources */,
				EDB113BA1FA2433C0065AE84 /* Assets.xcassets in Resources */,
				EDB113F91FA2440B0065AE84 /* LaunchScreen.storyboard in Resources */,
				EDB113E91FA2439F0065AE84 /* ENOptionsScene.sks in Resources */,
			);
			runOnlyForDeploymentPostprocessing = 0;
		};
/* End PBXResourcesBuildPhase section */

/* Begin PBXSourcesBuildPhase section */
		EDB113A51FA2433C0065AE84 /* Sources */ = {
			isa = PBXSourcesBuildPhase;
			buildActionMask = 2147483647;
			files = (
				EDB113DE1FA2439F0065AE84 /* ENButtonNode.swift in Sources */,
				EDB113E31FA2439F0065AE84 /* ENHUDClass.swift in Sources */,
				ED1C90BF1FB23A6200686024 /* ENScrollView.swift in Sources */,
				EDB113EA1FA2439F0065AE84 /* ENOptionsScene.swift in Sources */,
				EDB113E01FA2439F0065AE84 /* ENGameClass.swift in Sources */,
				EDB113F31FA2439F0065AE84 /* GameViewController.swift in Sources */,
				EDB113F11FA2439F0065AE84 /* GameHandler.swift in Sources */,
				EDB113E51FA2439F0065AE84 /* ENMainMenuScene.swift in Sources */,
				ED1C90BD1FB12FC600686024 /* ENGameMenuClass.swift in Sources */,
				EDAFA2D31FA4F5970020D51D /* ENTowerClass.swift in Sources */,
				EDB113EC1FA2439F0065AE84 /* ENPulsante.swift in Sources */,
				EDB113AD1FA2433C0065AE84 /* AppDelegate.swift in Sources */,
				EDB113E71FA2439F0065AE84 /* ENMenuStanza.swift in Sources */,
				EDB113E81FA2439F0065AE84 /* ENOperatoreModel.swift in Sources */,
				EDB113E61FA2439F0065AE84 /* ENMenuGame.swift in Sources */,
				ED047ED11FA5DFC800CDFFEE /* ENBlockClass.swift in Sources */,
				EDF9DC681FAEA8C7009B15A4 /* ENNewFloorMenuClass.swift in Sources */,
				EDB113F51FA2439F0065AE84 /* Utils.swift in Sources */,
				EDB113EE1FA2439F0065AE84 /* ENScoreScene.swift in Sources */,
			);
			runOnlyForDeploymentPostprocessing = 0;
		};
/* End PBXSourcesBuildPhase section */

/* Begin PBXVariantGroup section */
		EDB113B61FA2433C0065AE84 /* Main.storyboard */ = {
			isa = PBXVariantGroup;
			children = (
				EDB113B71FA2433C0065AE84 /* Base */,
			);
			name = Main.storyboard;
			sourceTree = "<group>";
		};
/* End PBXVariantGroup section */

/* Begin XCBuildConfiguration section */
		EDB113BF1FA2433C0065AE84 /* Debug */ = {
			isa = XCBuildConfiguration;
			buildSettings = {
				ALWAYS_SEARCH_USER_PATHS = NO;
				CLANG_ANALYZER_NONNULL = YES;
				CLANG_ANALYZER_NUMBER_OBJECT_CONVERSION = YES_AGGRESSIVE;
				CLANG_CXX_LANGUAGE_STANDARD = "gnu++0x";
				CLANG_CXX_LIBRARY = "libc++";
				CLANG_ENABLE_MODULES = YES;
				CLANG_ENABLE_OBJC_ARC = YES;
				CLANG_WARN_BOOL_CONVERSION = YES;
				CLANG_WARN_CONSTANT_CONVERSION = YES;
				CLANG_WARN_DIRECT_OBJC_ISA_USAGE = YES_ERROR;
				CLANG_WARN_DOCUMENTATION_COMMENTS = YES;
				CLANG_WARN_EMPTY_BODY = YES;
				CLANG_WARN_ENUM_CONVERSION = YES;
				CLANG_WARN_INFINITE_RECURSION = YES;
				CLANG_WARN_INT_CONVERSION = YES;
				CLANG_WARN_OBJC_ROOT_CLASS = YES_ERROR;
				CLANG_WARN_SUSPICIOUS_MOVE = YES;
				CLANG_WARN_UNREACHABLE_CODE = YES;
				CLANG_WARN__DUPLICATE_METHOD_MATCH = YES;
				"CODE_SIGN_IDENTITY[sdk=iphoneos*]" = "iPhone Developer";
				COPY_PHASE_STRIP = NO;
				DEBUG_INFORMATION_FORMAT = dwarf;
				ENABLE_STRICT_OBJC_MSGSEND = YES;
				ENABLE_TESTABILITY = YES;
				GCC_C_LANGUAGE_STANDARD = gnu99;
				GCC_DYNAMIC_NO_PIC = NO;
				GCC_NO_COMMON_BLOCKS = YES;
				GCC_OPTIMIZATION_LEVEL = 0;
				GCC_PREPROCESSOR_DEFINITIONS = (
					"DEBUG=1",
					"$(inherited)",
				);
				GCC_WARN_64_TO_32_BIT_CONVERSION = YES;
				GCC_WARN_ABOUT_RETURN_TYPE = YES_ERROR;
				GCC_WARN_UNDECLARED_SELECTOR = YES;
				GCC_WARN_UNINITIALIZED_AUTOS = YES_AGGRESSIVE;
				GCC_WARN_UNUSED_FUNCTION = YES;
				GCC_WARN_UNUSED_VARIABLE = YES;
				IPHONEOS_DEPLOYMENT_TARGET = 10.3;
				MTL_ENABLE_DEBUG_INFO = YES;
				ONLY_ACTIVE_ARCH = YES;
				SDKROOT = iphoneos;
				SWIFT_ACTIVE_COMPILATION_CONDITIONS = DEBUG;
				SWIFT_OPTIMIZATION_LEVEL = "-Onone";
				TARGETED_DEVICE_FAMILY = "1,2";
			};
			name = Debug;
		};
		EDB113C01FA2433C0065AE84 /* Release */ = {
			isa = XCBuildConfiguration;
			buildSettings = {
				ALWAYS_SEARCH_USER_PATHS = NO;
				CLANG_ANALYZER_NONNULL = YES;
				CLANG_ANALYZER_NUMBER_OBJECT_CONVERSION = YES_AGGRESSIVE;
				CLANG_CXX_LANGUAGE_STANDARD = "gnu++0x";
				CLANG_CXX_LIBRARY = "libc++";
				CLANG_ENABLE_MODULES = YES;
				CLANG_ENABLE_OBJC_ARC = YES;
				CLANG_WARN_BOOL_CONVERSION = YES;
				CLANG_WARN_CONSTANT_CONVERSION = YES;
				CLANG_WARN_DIRECT_OBJC_ISA_USAGE = YES_ERROR;
				CLANG_WARN_DOCUMENTATION_COMMENTS = YES;
				CLANG_WARN_EMPTY_BODY = YES;
				CLANG_WARN_ENUM_CONVERSION = YES;
				CLANG_WARN_INFINITE_RECURSION = YES;
				CLANG_WARN_INT_CONVERSION = YES;
				CLANG_WARN_OBJC_ROOT_CLASS = YES_ERROR;
				CLANG_WARN_SUSPICIOUS_MOVE = YES;
				CLANG_WARN_UNREACHABLE_CODE = YES;
				CLANG_WARN__DUPLICATE_METHOD_MATCH = YES;
				"CODE_SIGN_IDENTITY[sdk=iphoneos*]" = "iPhone Developer";
				COPY_PHASE_STRIP = NO;
				DEBUG_INFORMATION_FORMAT = "dwarf-with-dsym";
				ENABLE_NS_ASSERTIONS = NO;
				ENABLE_STRICT_OBJC_MSGSEND = YES;
				GCC_C_LANGUAGE_STANDARD = gnu99;
				GCC_NO_COMMON_BLOCKS = YES;
				GCC_WARN_64_TO_32_BIT_CONVERSION = YES;
				GCC_WARN_ABOUT_RETURN_TYPE = YES_ERROR;
				GCC_WARN_UNDECLARED_SELECTOR = YES;
				GCC_WARN_UNINITIALIZED_AUTOS = YES_AGGRESSIVE;
				GCC_WARN_UNUSED_FUNCTION = YES;
				GCC_WARN_UNUSED_VARIABLE = YES;
				IPHONEOS_DEPLOYMENT_TARGET = 10.3;
				MTL_ENABLE_DEBUG_INFO = NO;
				SDKROOT = iphoneos;
				SWIFT_OPTIMIZATION_LEVEL = "-Owholemodule";
				TARGETED_DEVICE_FAMILY = "1,2";
				VALIDATE_PRODUCT = YES;
			};
			name = Release;
		};
		EDB113C21FA2433C0065AE84 /* Debug */ = {
			isa = XCBuildConfiguration;
			buildSettings = {
				ASSETCATALOG_COMPILER_APPICON_NAME = AppIcon;
				DEVELOPMENT_TEAM = 6QT8QKS396;
				INFOPLIST_FILE = Gamenado/Info.plist;
				LD_RUNPATH_SEARCH_PATHS = "$(inherited) @executable_path/Frameworks";
				PRODUCT_BUNDLE_IDENTIFIER = Engima.Gamenado;
				PRODUCT_NAME = "$(TARGET_NAME)";
				SWIFT_VERSION = 3.0;
			};
			name = Debug;
		};
		EDB113C31FA2433C0065AE84 /* Release */ = {
			isa = XCBuildConfiguration;
			buildSettings = {
				ASSETCATALOG_COMPILER_APPICON_NAME = AppIcon;
				DEVELOPMENT_TEAM = 6QT8QKS396;
				INFOPLIST_FILE = Gamenado/Info.plist;
				LD_RUNPATH_SEARCH_PATHS = "$(inherited) @executable_path/Frameworks";
				PRODUCT_BUNDLE_IDENTIFIER = Engima.Gamenado;
				PRODUCT_NAME = "$(TARGET_NAME)";
				SWIFT_VERSION = 3.0;
			};
			name = Release;
		};
/* End XCBuildConfiguration section */

/* Begin XCConfigurationList section */
		EDB113A41FA2433C0065AE84 /* Build configuration list for PBXProject "Gamenado" */ = {
			isa = XCConfigurationList;
			buildConfigurations = (
				EDB113BF1FA2433C0065AE84 /* Debug */,
				EDB113C01FA2433C0065AE84 /* Release */,
			);
			defaultConfigurationIsVisible = 0;
			defaultConfigurationName = Release;
		};
		EDB113C11FA2433C0065AE84 /* Build configuration list for PBXNativeTarget "Gamenado" */ = {
			isa = XCConfigurationList;
			buildConfigurations = (
				EDB113C21FA2433C0065AE84 /* Debug */,
				EDB113C31FA2433C0065AE84 /* Release */,
			);
			defaultConfigurationIsVisible = 0;
			defaultConfigurationName = Release;
		};
/* End XCConfigurationList section */
	};
	rootObject = EDB113A11FA2433C0065AE84 /* Project object */;
}
